
Microsoft Visual Studio Solution File, Format Version 12.00
Project("{FAE04EC0-301F-11D3-BF4B-00C04F79EFBC}") = "Homework1.Task2", "Homework1.Task2\Homework1.Task2.csproj", "{3B406EAE-2E4A-4998-B303-0386B6FB05D0}"
EndProject
Project("{FAE04EC0-301F-11D3-BF4B-00C04F79EFBC}") = "Homework1.Task1", "Homework1.Task1\Homework1.Task1.csproj", "{FE18650C-FEA7-4B6E-843D-0843EFD0D7CD}"
EndProject
Project("{FAE04EC0-301F-11D3-BF4B-00C04F79EFBC}") = "Homework1.Task1.Tests", "Homework1.Task1.Tests\Homework1.Task1.Tests.csproj", "{52DC653C-30C8-4092-AE75-3C30C570C3A0}"
EndProject
Project("{FAE04EC0-301F-11D3-BF4B-00C04F79EFBC}") = "Homework1.Task2.Tests", "Homework1.Task2.Tests\Homework1.Task2.Tests.csproj", "{B4DF8D90-9AB1-4BBB-B5E0-9FAA436480DC}"
EndProject
Project("{FAE04EC0-301F-11D3-BF4B-00C04F79EFBC}") = "Homework2", "Homework2\Homework2.csproj", "{49C9F2D0-00AB-4995-B42D-1E8F9F4F7A2D}"
EndProject
Project("{FAE04EC0-301F-11D3-BF4B-00C04F79EFBC}") = "Homework2.Tests", "Homework2.Tests\Homework2.Tests.csproj", "{E8AF21F5-EF04-475E-BFAA-E462828A2270}"
EndProject
Project("{FAE04EC0-301F-11D3-BF4B-00C04F79EFBC}") = "Homework4", "Homework4\Homework4.csproj", "{FFA6BDB3-3EC2-42DE-91F5-644E4BDEB0EC}"
EndProject
Global
	GlobalSection(SolutionConfigurationPlatforms) = preSolution
		Debug|Any CPU = Debug|Any CPU
		Release|Any CPU = Release|Any CPU
	EndGlobalSection
	GlobalSection(ProjectConfigurationPlatforms) = postSolution
		{3B406EAE-2E4A-4998-B303-0386B6FB05D0}.Debug|Any CPU.ActiveCfg = Debug|Any CPU
		{3B406EAE-2E4A-4998-B303-0386B6FB05D0}.Debug|Any CPU.Build.0 = Debug|Any CPU
		{3B406EAE-2E4A-4998-B303-0386B6FB05D0}.Release|Any CPU.ActiveCfg = Release|Any CPU
		{3B406EAE-2E4A-4998-B303-0386B6FB05D0}.Release|Any CPU.Build.0 = Release|Any CPU
		{FE18650C-FEA7-4B6E-843D-0843EFD0D7CD}.Debug|Any CPU.ActiveCfg = Debug|Any CPU
		{FE18650C-FEA7-4B6E-843D-0843EFD0D7CD}.Debug|Any CPU.Build.0 = Debug|Any CPU
		{FE18650C-FEA7-4B6E-843D-0843EFD0D7CD}.Release|Any CPU.ActiveCfg = Release|Any CPU
		{FE18650C-FEA7-4B6E-843D-0843EFD0D7CD}.Release|Any CPU.Build.0 = Release|Any CPU
		{52DC653C-30C8-4092-AE75-3C30C570C3A0}.Debug|Any CPU.ActiveCfg = Debug|Any CPU
		{52DC653C-30C8-4092-AE75-3C30C570C3A0}.Debug|Any CPU.Build.0 = Debug|Any CPU
		{52DC653C-30C8-4092-AE75-3C30C570C3A0}.Release|Any CPU.ActiveCfg = Release|Any CPU
		{52DC653C-30C8-4092-AE75-3C30C570C3A0}.Release|Any CPU.Build.0 = Release|Any CPU
		{B4DF8D90-9AB1-4BBB-B5E0-9FAA436480DC}.Debug|Any CPU.ActiveCfg = Debug|Any CPU
		{B4DF8D90-9AB1-4BBB-B5E0-9FAA436480DC}.Debug|Any CPU.Build.0 = Debug|Any CPU
		{B4DF8D90-9AB1-4BBB-B5E0-9FAA436480DC}.Release|Any CPU.ActiveCfg = Release|Any CPU
		{B4DF8D90-9AB1-4BBB-B5E0-9FAA436480DC}.Release|Any CPU.Build.0 = Release|Any CPU
		{49C9F2D0-00AB-4995-B42D-1E8F9F4F7A2D}.Debug|Any CPU.ActiveCfg = Debug|Any CPU
		{49C9F2D0-00AB-4995-B42D-1E8F9F4F7A2D}.Debug|Any CPU.Build.0 = Debug|Any CPU
		{49C9F2D0-00AB-4995-B42D-1E8F9F4F7A2D}.Release|Any CPU.ActiveCfg = Release|Any CPU
		{49C9F2D0-00AB-4995-B42D-1E8F9F4F7A2D}.Release|Any CPU.Build.0 = Release|Any CPU
		{E8AF21F5-EF04-475E-BFAA-E462828A2270}.Debug|Any CPU.ActiveCfg = Debug|Any CPU
		{E8AF21F5-EF04-475E-BFAA-E462828A2270}.Debug|Any CPU.Build.0 = Debug|Any CPU
		{E8AF21F5-EF04-475E-BFAA-E462828A2270}.Release|Any CPU.ActiveCfg = Release|Any CPU
		{E8AF21F5-EF04-475E-BFAA-E462828A2270}.Release|Any CPU.Build.0 = Release|Any CPU
		{FFA6BDB3-3EC2-42DE-91F5-644E4BDEB0EC}.Debug|Any CPU.ActiveCfg = Debug|Any CPU
		{FFA6BDB3-3EC2-42DE-91F5-644E4BDEB0EC}.Debug|Any CPU.Build.0 = Debug|Any CPU
		{FFA6BDB3-3EC2-42DE-91F5-644E4BDEB0EC}.Release|Any CPU.ActiveCfg = Release|Any CPU
		{FFA6BDB3-3EC2-42DE-91F5-644E4BDEB0EC}.Release|Any CPU.Build.0 = Release|Any CPU
	EndGlobalSection
EndGlobal
